
Microsoft Visual Studio Solution File, Format Version 12.00
# Visual Studio 2012
Project("{FAE04EC0-301F-11D3-BF4B-00C04F79EFBC}") = "ModelShredder", "ModelShredder\ModelShredder.csproj", "{8B9F7043-A550-4649-B70D-AAC4D08455EC}"
EndProject
Project("{FAE04EC0-301F-11D3-BF4B-00C04F79EFBC}") = "ModelShredder.Demo", "ModelShredder.Demo\ModelShredder.Demo.csproj", "{77B7A20F-A66D-4089-847C-E6A1D5D8C584}"
EndProject
Global
	GlobalSection(SolutionConfigurationPlatforms) = preSolution
		Debug|Any CPU = Debug|Any CPU
		Release|Any CPU = Release|Any CPU
	EndGlobalSection
	GlobalSection(ProjectConfigurationPlatforms) = postSolution
		{8B9F7043-A550-4649-B70D-AAC4D08455EC}.Debug|Any CPU.ActiveCfg = Debug|Any CPU
		{8B9F7043-A550-4649-B70D-AAC4D08455EC}.Debug|Any CPU.Build.0 = Debug|Any CPU
		{8B9F7043-A550-4649-B70D-AAC4D08455EC}.Release|Any CPU.ActiveCfg = Release|Any CPU
		{8B9F7043-A550-4649-B70D-AAC4D08455EC}.Release|Any CPU.Build.0 = Release|Any CPU
		{77B7A20F-A66D-4089-847C-E6A1D5D8C584}.Debug|Any CPU.ActiveCfg = Debug|Any CPU
		{77B7A20F-A66D-4089-847C-E6A1D5D8C584}.Debug|Any CPU.Build.0 = Debug|Any CPU
		{77B7A20F-A66D-4089-847C-E6A1D5D8C584}.Release|Any CPU.ActiveCfg = Release|Any CPU
		{77B7A20F-A66D-4089-847C-E6A1D5D8C584}.Release|Any CPU.Build.0 = Release|Any CPU
	EndGlobalSection
	GlobalSection(SolutionProperties) = preSolution
		HideSolutionNode = FALSE
	EndGlobalSection
	GlobalSection(ExtensibilityGlobals) = postSolution
		CodeStyleEnforcer_Active = 0
		CodeStyleEnforcer_RulesLocation = 
	EndGlobalSection
EndGlobal
